// !$*UTF8*$!
{
	archiveVersion = 1;
	classes = {
	};
	objectVersion = 50;
	objects = {

/* Begin PBXBuildFile section */
		AA2CD39523A64D740039FB87 /* Student+CoreDataClass.swift in Sources */ = {isa = PBXBuildFile; fileRef = AA2CD39323A64D740039FB87 /* Student+CoreDataClass.swift */; };
		AA2CD39623A64D740039FB87 /* Student+CoreDataProperties.swift in Sources */ = {isa = PBXBuildFile; fileRef = AA2CD39423A64D740039FB87 /* Student+CoreDataProperties.swift */; };
		AA2CD39823A64E9A0039FB87 /* ObjectOrientedStyle.swift in Sources */ = {isa = PBXBuildFile; fileRef = AA2CD39723A64E9A0039FB87 /* ObjectOrientedStyle.swift */; };
		AA7D988E239D621E00EDEE9E /* AppDelegate.swift in Sources */ = {isa = PBXBuildFile; fileRef = AA7D988D239D621E00EDEE9E /* AppDelegate.swift */; };
		AA7D9890239D621E00EDEE9E /* ViewController.swift in Sources */ = {isa = PBXBuildFile; fileRef = AA7D988F239D621E00EDEE9E /* ViewController.swift */; };
		AA7D9893239D621E00EDEE9E /* Main.storyboard in Resources */ = {isa = PBXBuildFile; fileRef = AA7D9891239D621E00EDEE9E /* Main.storyboard */; };
		AA7D9896239D621E00EDEE9E /* CoreDataDemo.xcdatamodeld in Sources */ = {isa = PBXBuildFile; fileRef = AA7D9894239D621E00EDEE9E /* CoreDataDemo.xcdatamodeld */; };
		AA7D9898239D622200EDEE9E /* Assets.xcassets in Resources */ = {isa = PBXBuildFile; fileRef = AA7D9897239D622200EDEE9E /* Assets.xcassets */; };
		AA7D989B239D622200EDEE9E /* LaunchScreen.storyboard in Resources */ = {isa = PBXBuildFile; fileRef = AA7D9899239D622200EDEE9E /* LaunchScreen.storyboard */; };
		AAB7AFED23A56709006BB187 /* DataHandling.swift in Sources */ = {isa = PBXBuildFile; fileRef = AAB7AFEC23A56709006BB187 /* DataHandling.swift */; };
/* End PBXBuildFile section */

/* Begin PBXFileReference section */
		AA2CD39323A64D740039FB87 /* Student+CoreDataClass.swift */ = {isa = PBXFileReference; lastKnownFileType = sourcecode.swift; path = "Student+CoreDataClass.swift"; sourceTree = "<group>"; };
		AA2CD39423A64D740039FB87 /* Student+CoreDataProperties.swift */ = {isa = PBXFileReference; lastKnownFileType = sourcecode.swift; path = "Student+CoreDataProperties.swift"; sourceTree = "<group>"; };
		AA2CD39723A64E9A0039FB87 /* ObjectOrientedStyle.swift */ = {isa = PBXFileReference; lastKnownFileType = sourcecode.swift; path = ObjectOrientedStyle.swift; sourceTree = "<group>"; };
		AA7D988A239D621E00EDEE9E /* CoreDataDemo.app */ = {isa = PBXFileReference; explicitFileType = wrapper.application; includeInIndex = 0; path = CoreDataDemo.app; sourceTree = BUILT_PRODUCTS_DIR; };
		AA7D988D239D621E00EDEE9E /* AppDelegate.swift */ = {isa = PBXFileReference; lastKnownFileType = sourcecode.swift; path = AppDelegate.swift; sourceTree = "<group>"; };
		AA7D988F239D621E00EDEE9E /* ViewController.swift */ = {isa = PBXFileReference; lastKnownFileType = sourcecode.swift; path = ViewController.swift; sourceTree = "<group>"; };
		AA7D9892239D621E00EDEE9E /* Base */ = {isa = PBXFileReference; lastKnownFileType = file.storyboard; name = Base; path = Base.lproj/Main.storyboard; sourceTree = "<group>"; };
		AA7D9895239D621E00EDEE9E /* CoreDataDemo.xcdatamodel */ = {isa = PBXFileReference; lastKnownFileType = wrapper.xcdatamodel; path = CoreDataDemo.xcdatamodel; sourceTree = "<group>"; };
		AA7D9897239D622200EDEE9E /* Assets.xcassets */ = {isa = PBXFileReference; lastKnownFileType = folder.assetcatalog; path = Assets.xcassets; sourceTree = "<group>"; };
		AA7D989A239D622200EDEE9E /* Base */ = {isa = PBXFileReference; lastKnownFileType = file.storyboard; name = Base; path = Base.lproj/LaunchScreen.storyboard; sourceTree = "<group>"; };
		AA7D989C239D622200EDEE9E /* Info.plist */ = {isa = PBXFileReference; lastKnownFileType = text.plist.xml; path = Info.plist; sourceTree = "<group>"; };
		AAB7AFEC23A56709006BB187 /* DataHandling.swift */ = {isa = PBXFileReference; lastKnownFileType = sourcecode.swift; path = DataHandling.swift; sourceTree = "<group>"; };
/* End PBXFileReference section */

/* Begin PBXFrameworksBuildPhase section */
		AA7D9887239D621E00EDEE9E /* Frameworks */ = {
			isa = PBXFrameworksBuildPhase;
			buildActionMask = 2147483647;
			files = (
			);
			runOnlyForDeploymentPostprocessing = 0;
		};
/* End PBXFrameworksBuildPhase section */

/* Begin PBXGroup section */
		AA2CD39923A652360039FB87 /* OOSClasses */ = {
			isa = PBXGroup;
			children = (
				AA2CD39323A64D740039FB87 /* Student+CoreDataClass.swift */,
				AA2CD39723A64E9A0039FB87 /* ObjectOrientedStyle.swift */,
				AA2CD39423A64D740039FB87 /* Student+CoreDataProperties.swift */,
			);
			path = OOSClasses;
			sourceTree = "<group>";
		};
		AA2CD39A23A6524F0039FB87 /* Coding */ = {
			isa = PBXGroup;
			children = (
				AAB7AFEC23A56709006BB187 /* DataHandling.swift */,
			);
			path = Coding;
			sourceTree = "<group>";
		};
		AA7D9881239D621E00EDEE9E = {
			isa = PBXGroup;
			children = (
				AA7D988C239D621E00EDEE9E /* CoreDataDemo */,
				AA7D988B239D621E00EDEE9E /* Products */,
			);
			sourceTree = "<group>";
		};
		AA7D988B239D621E00EDEE9E /* Products */ = {
			isa = PBXGroup;
			children = (
				AA7D988A239D621E00EDEE9E /* CoreDataDemo.app */,
			);
			name = Products;
			sourceTree = "<group>";
		};
		AA7D988C239D621E00EDEE9E /* CoreDataDemo */ = {
			isa = PBXGroup;
			children = (
				AA2CD39A23A6524F0039FB87 /* Coding */,
				AA2CD39923A652360039FB87 /* OOSClasses */,
				AA7D988D239D621E00EDEE9E /* AppDelegate.swift */,
				AA7D988F239D621E00EDEE9E /* ViewController.swift */,
				AA7D9891239D621E00EDEE9E /* Main.storyboard */,
				AA7D9897239D622200EDEE9E /* Assets.xcassets */,
				AA7D9899239D622200EDEE9E /* LaunchScreen.storyboard */,
				AA7D989C239D622200EDEE9E /* Info.plist */,
				AA7D9894239D621E00EDEE9E /* CoreDataDemo.xcdatamodeld */,
			);
			path = CoreDataDemo;
			sourceTree = "<group>";
		};
/* End PBXGroup section */

/* Begin PBXNativeTarget section */
		AA7D9889239D621E00EDEE9E /* CoreDataDemo */ = {
			isa = PBXNativeTarget;
			buildConfigurationList = AA7D989F239D622200EDEE9E /* Build configuration list for PBXNativeTarget "CoreDataDemo" */;
			buildPhases = (
				AA7D9886239D621E00EDEE9E /* Sources */,
				AA7D9887239D621E00EDEE9E /* Frameworks */,
				AA7D9888239D621E00EDEE9E /* Resources */,
			);
			buildRules = (
			);
			dependencies = (
			);
			name = CoreDataDemo;
			productName = CoreDataDemo;
			productReference = AA7D988A239D621E00EDEE9E /* CoreDataDemo.app */;
			productType = "com.apple.product-type.application";
		};
/* End PBXNativeTarget section */

/* Begin PBXProject section */
		AA7D9882239D621E00EDEE9E /* Project object */ = {
			isa = PBXProject;
			attributes = {
				LastSwiftUpdateCheck = 1020;
				LastUpgradeCheck = 1020;
				ORGANIZATIONNAME = CDDevloper;
				TargetAttributes = {
					AA7D9889239D621E00EDEE9E = {
						CreatedOnToolsVersion = 10.2.1;
					};
				};
			};
			buildConfigurationList = AA7D9885239D621E00EDEE9E /* Build configuration list for PBXProject "CoreDataDemo" */;
			compatibilityVersion = "Xcode 9.3";
			developmentRegion = en;
			hasScannedForEncodings = 0;
			knownRegions = (
				en,
				Base,
			);
			mainGroup = AA7D9881239D621E00EDEE9E;
			productRefGroup = AA7D988B239D621E00EDEE9E /* Products */;
			projectDirPath = "";
			projectRoot = "";
			targets = (
				AA7D9889239D621E00EDEE9E /* CoreDataDemo */,
			);
		};
/* End PBXProject section */

/* Begin PBXResourcesBuildPhase section */
		AA7D9888239D621E00EDEE9E /* Resources */ = {
			isa = PBXResourcesBuildPhase;
			buildActionMask = 2147483647;
			files = (
				AA7D989B239D622200EDEE9E /* LaunchScreen.storyboard in Resources */,
				AA7D9898239D622200EDEE9E /* Assets.xcassets in Resources */,
				AA7D9893239D621E00EDEE9E /* Main.storyboard in Resources */,
			);
			runOnlyForDeploymentPostprocessing = 0;
		};
/* End PBXResourcesBuildPhase section */

/* Begin PBXSourcesBuildPhase section */
		AA7D9886239D621E00EDEE9E /* Sources */ = {
			isa = PBXSourcesBuildPhase;
			buildActionMask = 2147483647;
			files = (
				AA2CD39623A64D740039FB87 /* Student+CoreDataProperties.swift in Sources */,
				AAB7AFED23A56709006BB187 /* DataHandling.swift in Sources */,
				AA7D9890239D621E00EDEE9E /* ViewController.swift in Sources */,
				AA7D9896239D621E00EDEE9E /* CoreDataDemo.xcdatamodeld in Sources */,
				AA7D988E239D621E00EDEE9E /* AppDelegate.swift in Sources */,
				AA2CD39823A64E9A0039FB87 /* ObjectOrientedStyle.swift in Sources */,
				AA2CD39523A64D740039FB87 /* Student+CoreDataClass.swift in Sources */,
			);
			runOnlyForDeploymentPostprocessing = 0;
		};
/* End PBXSourcesBuildPhase section */

/* Begin PBXVariantGroup section */
		AA7D9891239D621E00EDEE9E /* Main.storyboard */ = {
			isa = PBXVariantGroup;
			children = (
				AA7D9892239D621E00EDEE9E /* Base */,
			);
			name = Main.storyboard;
			sourceTree = "<group>";
		};
		AA7D9899239D622200EDEE9E /* LaunchScreen.storyboard */ = {
			isa = PBXVariantGroup;
			children = (
				AA7D989A239D622200EDEE9E /* Base */,
			);
			name = LaunchScreen.storyboard;
			sourceTree = "<group>";
		};
/* End PBXVariantGroup section */

/* Begin XCBuildConfiguration section */
		AA7D989D239D622200EDEE9E /* Debug */ = {
			isa = XCBuildConfiguration;
			buildSettings = {
				ALWAYS_SEARCH_USER_PATHS = NO;
				CLANG_ANALYZER_NONNULL = YES;
				CLANG_ANALYZER_NUMBER_OBJECT_CONVERSION = YES_AGGRESSIVE;
				CLANG_CXX_LANGUAGE_STANDARD = "gnu++14";
				CLANG_CXX_LIBRARY = "libc++";
				CLANG_ENABLE_MODULES = YES;
				CLANG_ENABLE_OBJC_ARC = YES;
				CLANG_ENABLE_OBJC_WEAK = YES;
				CLANG_WARN_BLOCK_CAPTURE_AUTORELEASING = YES;
				CLANG_WARN_BOOL_CONVERSION = YES;
				CLANG_WARN_COMMA = YES;
				CLANG_WARN_CONSTANT_CONVERSION = YES;
				CLANG_WARN_DEPRECATED_OBJC_IMPLEMENTATIONS = YES;
				CLANG_WARN_DIRECT_OBJC_ISA_USAGE = YES_ERROR;
				CLANG_WARN_DOCUMENTATION_COMMENTS = YES;
				CLANG_WARN_EMPTY_BODY = YES;
				CLANG_WARN_ENUM_CONVERSION = YES;
				CLANG_WARN_INFINITE_RECURSION = YES;
				CLANG_WARN_INT_CONVERSION = YES;
				CLANG_WARN_NON_LITERAL_NULL_CONVERSION = YES;
				CLANG_WARN_OBJC_IMPLICIT_RETAIN_SELF = YES;
				CLANG_WARN_OBJC_LITERAL_CONVERSION = YES;
				CLANG_WARN_OBJC_ROOT_CLASS = YES_ERROR;
				CLANG_WARN_RANGE_LOOP_ANALYSIS = YES;
				CLANG_WARN_STRICT_PROTOTYPES = YES;
				CLANG_WARN_SUSPICIOUS_MOVE = YES;
				CLANG_WARN_UNGUARDED_AVAILABILITY = YES_AGGRESSIVE;
				CLANG_WARN_UNREACHABLE_CODE = YES;
				CLANG_WARN__DUPLICATE_METHOD_MATCH = YES;
				CODE_SIGN_IDENTITY = "iPhone Developer";
				COPY_PHASE_STRIP = NO;
				DEBUG_INFORMATION_FORMAT = dwarf;
				ENABLE_STRICT_OBJC_MSGSEND = YES;
				ENABLE_TESTABILITY = YES;
				GCC_C_LANGUAGE_STANDARD = gnu11;
				GCC_DYNAMIC_NO_PIC = NO;
				GCC_NO_COMMON_BLOCKS = YES;
				GCC_OPTIMIZATION_LEVEL = 0;
				GCC_PREPROCESSOR_DEFINITIONS = (
					"DEBUG=1",
					"$(inherited)",
				);
				GCC_WARN_64_TO_32_BIT_CONVERSION = YES;
				GCC_WARN_ABOUT_RETURN_TYPE = YES_ERROR;
				GCC_WARN_UNDECLARED_SELECTOR = YES;
				GCC_WARN_UNINITIALIZED_AUTOS = YES_AGGRESSIVE;
				GCC_WARN_UNUSED_FUNCTION = YES;
				GCC_WARN_UNUSED_VARIABLE = YES;
				IPHONEOS_DEPLOYMENT_TARGET = 12.2;
				MTL_ENABLE_DEBUG_INFO = INCLUDE_SOURCE;
				MTL_FAST_MATH = YES;
				ONLY_ACTIVE_ARCH = YES;
				SDKROOT = iphoneos;
				SWIFT_ACTIVE_COMPILATION_CONDITIONS = DEBUG;
				SWIFT_OPTIMIZATION_LEVEL = "-Onone";
			};
			name = Debug;
		};
		AA7D989E239D622200EDEE9E /* Release */ = {
			isa = XCBuildConfiguration;
			buildSettings = {
				ALWAYS_SEARCH_USER_PATHS = NO;
				CLANG_ANALYZER_NONNULL = YES;
				CLANG_ANALYZER_NUMBER_OBJECT_CONVERSION = YES_AGGRESSIVE;
				CLANG_CXX_LANGUAGE_STANDARD = "gnu++14";
				CLANG_CXX_LIBRARY = "libc++";
				CLANG_ENABLE_MODULES = YES;
				CLANG_ENABLE_OBJC_ARC = YES;
				CLANG_ENABLE_OBJC_WEAK = YES;
				CLANG_WARN_BLOCK_CAPTURE_AUTORELEASING = YES;
				CLANG_WARN_BOOL_CONVERSION = YES;
				CLANG_WARN_COMMA = YES;
				CLANG_WARN_CONSTANT_CONVERSION = YES;
				CLANG_WARN_DEPRECATED_OBJC_IMPLEMENTATIONS = YES;
				CLANG_WARN_DIRECT_OBJC_ISA_USAGE = YES_ERROR;
				CLANG_WARN_DOCUMENTATION_COMMENTS = YES;
				CLANG_WARN_EMPTY_BODY = YES;
				CLANG_WARN_ENUM_CONVERSION = YES;
				CLANG_WARN_INFINITE_RECURSION = YES;
				CLANG_WARN_INT_CONVERSION = YES;
				CLANG_WARN_NON_LITERAL_NULL_CONVERSION = YES;
				CLANG_WARN_OBJC_IMPLICIT_RETAIN_SELF = YES;
				CLANG_WARN_OBJC_LITERAL_CONVERSION = YES;
				CLANG_WARN_OBJC_ROOT_CLASS = YES_ERROR;
				CLANG_WARN_RANGE_LOOP_ANALYSIS = YES;
				CLANG_WARN_STRICT_PROTOTYPES = YES;
				CLANG_WARN_SUSPICIOUS_MOVE = YES;
				CLANG_WARN_UNGUARDED_AVAILABILITY = YES_AGGRESSIVE;
				CLANG_WARN_UNREACHABLE_CODE = YES;
				CLANG_WARN__DUPLICATE_METHOD_MATCH = YES;
				CODE_SIGN_IDENTITY = "iPhone Developer";
				COPY_PHASE_STRIP = NO;
				DEBUG_INFORMATION_FORMAT = "dwarf-with-dsym";
				ENABLE_NS_ASSERTIONS = NO;
				ENABLE_STRICT_OBJC_MSGSEND = YES;
				GCC_C_LANGUAGE_STANDARD = gnu11;
				GCC_NO_COMMON_BLOCKS = YES;
				GCC_WARN_64_TO_32_BIT_CONVERSION = YES;
				GCC_WARN_ABOUT_RETURN_TYPE = YES_ERROR;
				GCC_WARN_UNDECLARED_SELECTOR = YES;
				GCC_WARN_UNINITIALIZED_AUTOS = YES_AGGRESSIVE;
				GCC_WARN_UNUSED_FUNCTION = YES;
				GCC_WARN_UNUSED_VARIABLE = YES;
				IPHONEOS_DEPLOYMENT_TARGET = 12.2;
				MTL_ENABLE_DEBUG_INFO = NO;
				MTL_FAST_MATH = YES;
				SDKROOT = iphoneos;
				SWIFT_COMPILATION_MODE = wholemodule;
				SWIFT_OPTIMIZATION_LEVEL = "-O";
				VALIDATE_PRODUCT = YES;
			};
			name = Release;
		};
		AA7D98A0239D622200EDEE9E /* Debug */ = {
			isa = XCBuildConfiguration;
			buildSettings = {
				ASSETCATALOG_COMPILER_APPICON_NAME = AppIcon;
				CODE_SIGN_STYLE = Manual;
				DEVELOPMENT_TEAM = "";
				INFOPLIST_FILE = CoreDataDemo/Info.plist;
				LD_RUNPATH_SEARCH_PATHS = (
					"$(inherited)",
					"@executable_path/Frameworks",
				);
				PRODUCT_BUNDLE_IDENTIFIER = com.CDAppDeveloper.CoreDataDemo;
				PRODUCT_NAME = "$(TARGET_NAME)";
				PROVISIONING_PROFILE_SPECIFIER = "";
				SWIFT_VERSION = 5.0;
				TARGETED_DEVICE_FAMILY = "1,2";
			};
			name = Debug;
		};
		AA7D98A1239D622200EDEE9E /* Release */ = {
			isa = XCBuildConfiguration;
			buildSettings = {
				ASSETCATALOG_COMPILER_APPICON_NAME = AppIcon;
				CODE_SIGN_STYLE = Manual;
				DEVELOPMENT_TEAM = "";
				INFOPLIST_FILE = CoreDataDemo/Info.plist;
				LD_RUNPATH_SEARCH_PATHS = (
					"$(inherited)",
					"@executable_path/Frameworks",
				);
				PRODUCT_BUNDLE_IDENTIFIER = com.CDAppDeveloper.CoreDataDemo;
				PRODUCT_NAME = "$(TARGET_NAME)";
				PROVISIONING_PROFILE_SPECIFIER = "";
				SWIFT_VERSION = 5.0;
				TARGETED_DEVICE_FAMILY = "1,2";
			};
			name = Release;
		};
/* End XCBuildConfiguration section */

/* Begin XCConfigurationList section */
		AA7D9885239D621E00EDEE9E /* Build configuration list for PBXProject "CoreDataDemo" */ = {
			isa = XCConfigurationList;
			buildConfigurations = (
				AA7D989D239D622200EDEE9E /* Debug */,
				AA7D989E239D622200EDEE9E /* Release */,
			);
			defaultConfigurationIsVisible = 0;
			defaultConfigurationName = Release;
		};
		AA7D989F239D622200EDEE9E /* Build configuration list for PBXNativeTarget "CoreDataDemo" */ = {
			isa = XCConfigurationList;
			buildConfigurations = (
				AA7D98A0239D622200EDEE9E /* Debug */,
				AA7D98A1239D622200EDEE9E /* Release */,
			);
			defaultConfigurationIsVisible = 0;
			defaultConfigurationName = Release;
		};
/* End XCConfigurationList section */

/* Begin XCVersionGroup section */
		AA7D9894239D621E00EDEE9E /* CoreDataDemo.xcdatamodeld */ = {
			isa = XCVersionGroup;
			children = (
				AA7D9895239D621E00EDEE9E /* CoreDataDemo.xcdatamodel */,
			);
			currentVersion = AA7D9895239D621E00EDEE9E /* CoreDataDemo.xcdatamodel */;
			path = CoreDataDemo.xcdatamodeld;
			sourceTree = "<group>";
			versionGroupType = wrapper.xcdatamodel;
		};
/* End XCVersionGroup section */
	};
	rootObject = AA7D9882239D621E00EDEE9E /* Project object */;
}
